<?xml version="1.0" encoding="utf-8"?>
<Project ToolsVersion="4.0" xmlns="http://schemas.microsoft.com/developer/msbuild/2003">
  <ItemGroup>
    <Filter Include="Source Files">
      <UniqueIdentifier>{4FC737F1-C7A5-4376-A066-2A32D752A2FF}</UniqueIdentifier>
      <Extensions>cpp;c;cc;cxx;def;odl;idl;hpj;bat;asm;asmx</Extensions>
    </Filter>
    <Filter Include="Header Files">
      <UniqueIdentifier>{93995380-89BD-4b04-88EB-625FBE52EBFB}</UniqueIdentifier>
      <Extensions>h;hh;hpp;hxx;hm;inl;inc;xsd</Extensions>
    </Filter>
    <Filter Include="Resource Files">
      <UniqueIdentifier>{67DA6AB6-F800-4c08-8B7A-83BB121AAD01}</UniqueIdentifier>
      <Extensions>rc;ico;cur;bmp;dlg;rc2;rct;bin;rgs;gif;jpg;jpeg;jpe;resx;tiff;tif;png;wav;mfcribbon-ms</Extensions>
    </Filter>
  </ItemGroup>
  <ItemGroup>
    <ClInclude Include="Headers\Arduino.h">
      <Filter>Header Files</Filter>
    </ClInclude>
    <ClInclude Include="Headers\arm_common_tables.h">
      <Filter>Header Files</Filter>
    </ClInclude>
    <ClInclude Include="Headers\arm_math.h">
      <Filter>Header Files</Filter>
    </ClInclude>
    <ClInclude Include="Headers\AudioStream.h">
      <Filter>Header Files</Filter>
    </ClInclude>
    <ClInclude Include="Headers\avr_emulation.h">
      <Filter>Header Files</Filter>
    </ClInclude>
    <ClInclude Include="Headers\avr_functions.h">
      <Filter>Header Files</Filter>
    </ClInclude>
    <ClInclude Include="Headers\binary.h">
      <Filter>Header Files</Filter>
    </ClInclude>
    <ClInclude Include="Headers\Client.h">
      <Filter>Header Files</Filter>
    </ClInclude>
    <ClInclude Include="Headers\core_cm4.h">
      <Filter>Header Files</Filter>
    </ClInclude>
    <ClInclude Include="Headers\core_cm4_simd.h">
      <Filter>Header Files</Filter>
    </ClInclude>
    <ClInclude Include="Headers\core_cmInstr.h">
      <Filter>Header Files</Filter>
    </ClInclude>
    <ClInclude Include="Headers\core_id.h">
      <Filter>Header Files</Filter>
    </ClInclude>
    <ClInclude Include="Headers\core_pins.h">
      <Filter>Header Files</Filter>
    </ClInclude>
    <ClInclude Include="Headers\elapsedMillis.h">
      <Filter>Header Files</Filter>
    </ClInclude>
    <ClInclude Include="Headers\HardwareSerial.h">
      <Filter>Header Files</Filter>
    </ClInclude>
    <ClInclude Include="Headers\IntervalTimer.h">
      <Filter>Header Files</Filter>
    </ClInclude>
    <ClInclude Include="Headers\IPAddress.h">
      <Filter>Header Files</Filter>
    </ClInclude>
    <ClInclude Include="Headers\keylayouts.h">
      <Filter>Header Files</Filter>
    </ClInclude>
    <ClInclude Include="Headers\math_helper.h">
      <Filter>Header Files</Filter>
    </ClInclude>
    <ClInclude Include="Headers\mk20dx128.h">
      <Filter>Header Files</Filter>
    </ClInclude>
    <ClInclude Include="Headers\new.h">
      <Filter>Header Files</Filter>
    </ClInclude>
    <ClInclude Include="Headers\pins_arduino.h">
      <Filter>Header Files</Filter>
    </ClInclude>
    <ClInclude Include="Headers\Print.h">
      <Filter>Header Files</Filter>
    </ClInclude>
    <ClInclude Include="Headers\Printable.h">
      <Filter>Header Files</Filter>
    </ClInclude>
    <ClInclude Include="Headers\Server.h">
      <Filter>Header Files</Filter>
    </ClInclude>
    <ClInclude Include="Headers\SPIFIFO.h">
      <Filter>Header Files</Filter>
    </ClInclude>
    <ClInclude Include="Headers\Stream.h">
      <Filter>Header Files</Filter>
    </ClInclude>
    <ClInclude Include="Headers\Udp.h">
      <Filter>Header Files</Filter>
    </ClInclude>
    <ClInclude Include="Headers\usb_desc.h">
      <Filter>Header Files</Filter>
    </ClInclude>
    <ClInclude Include="Headers\usb_dev.h">
      <Filter>Header Files</Filter>
    </ClInclude>
    <ClInclude Include="Headers\usb_flightsim.h">
      <Filter>Header Files</Filter>
    </ClInclude>
    <ClInclude Include="Headers\usb_joystick.h">
      <Filter>Header Files</Filter>
    </ClInclude>
    <ClInclude Include="Headers\usb_keyboard.h">
      <Filter>Header Files</Filter>
    </ClInclude>
    <ClInclude Include="Headers\usb_mem.h">
      <Filter>Header Files</Filter>
    </ClInclude>
    <ClInclude Include="Headers\usb_midi.h">
      <Filter>Header Files</Filter>
    </ClInclude>
    <ClInclude Include="Headers\usb_mouse.h">
      <Filter>Header Files</Filter>
    </ClInclude>
    <ClInclude Include="Headers\usb_names.h">
      <Filter>Header Files</Filter>
    </ClInclude>
    <ClInclude Include="Headers\usb_rawhid.h">
      <Filter>Header Files</Filter>
    </ClInclude>
    <ClInclude Include="Headers\usb_seremu.h">
      <Filter>Header Files</Filter>
    </ClInclude>
    <ClInclude Include="Headers\usb_serial.h">
      <Filter>Header Files</Filter>
    </ClInclude>
    <ClInclude Include="Headers\WCharacter.h">
      <Filter>Header Files</Filter>
    </ClInclude>
    <ClInclude Include="Headers\WConstants.h">
      <Filter>Header Files</Filter>
    </ClInclude>
    <ClInclude Include="Headers\wiring.h">
      <Filter>Header Files</Filter>
    </ClInclude>
    <ClInclude Include="Headers\wiring_private.h">
      <Filter>Header Files</Filter>
    </ClInclude>
    <ClInclude Include="Headers\WProgram.h">
      <Filter>Header Files</Filter>
    </ClInclude>
    <ClInclude Include="Headers\WString.h">
      <Filter>Header Files</Filter>
    </ClInclude>
    <ClInclude Include="Sources\Board.h">
      <Filter>Header Files</Filter>
    </ClInclude>
    <ClInclude Include="Sources\Commands.h">
      <Filter>Header Files</Filter>
    </ClInclude>
    <ClInclude Include="Sources\Communication.h">
      <Filter>Header Files</Filter>
    </ClInclude>
    <ClInclude Include="Sources\DynSched.h">
      <Filter>Header Files</Filter>
    </ClInclude>
    <ClInclude Include="Sources\IRSensor.h">
      <Filter>Header Files</Filter>
    </ClInclude>
    <ClInclude Include="Sources\Motion.h">
      <Filter>Header Files</Filter>
    </ClInclude>
    <ClInclude Include="Sources\XBeeDM.h">
      <Filter>Header Files</Filter>
    </ClInclude>
    <ClInclude Include="Decisions.h">
      <Filter>Header Files</Filter>
    </ClInclude>
    <ClInclude Include="Sources\Decisions.h">
      <Filter>Header Files</Filter>
    </ClInclude>
  </ItemGroup>
  <ItemGroup>
    <ClCompile Include="Sources\main.c">
      <Filter>Source Files</Filter>
    </ClCompile>
    <ClCompile Include="Sources\Board.cpp">
      <Filter>Source Files</Filter>
    </ClCompile>
    <ClCompile Include="Sources\Commands.cpp">
      <Filter>Source Files</Filter>
    </ClCompile>
    <ClCompile Include="Sources\Communication.cpp">
      <Filter>Source Files</Filter>
    </ClCompile>
    <ClCompile Include="Sources\DynSched.cpp">
      <Filter>Source Files</Filter>
    </ClCompile>
    <ClCompile Include="Sources\IRSensor.cpp">
      <Filter>Source Files</Filter>
    </ClCompile>
    <ClCompile Include="Sources\Motion.cpp">
      <Filter>Source Files</Filter>
    </ClCompile>
    <ClCompile Include="Sources\XBeeDM.cpp">
      <Filter>Source Files</Filter>
    </ClCompile>
    <ClCompile Include="Sources\Decisions.cpp">
      <Filter>Source Files</Filter>
    </ClCompile>
  </ItemGroup>
</Project>